
Microsoft Visual Studio Solution File, Format Version 12.00
# Visual Studio 15
VisualStudioVersion = 15.0.28307.572
MinimumVisualStudioVersion = 10.0.40219.1
Project("{F184B08F-C81C-45F6-A57F-5ABD9991F28F}") = "BindDropDownListExamples", "BindDropDownListExamples\BindDropDownListExamples.vbproj", "{D4C9990D-F8BF-4F85-9329-7C189A2D1A03}"
EndProject
Global
	GlobalSection(SolutionConfigurationPlatforms) = preSolution
		Debug|Any CPU = Debug|Any CPU
		Release|Any CPU = Release|Any CPU
	EndGlobalSection
	GlobalSection(ProjectConfigurationPlatforms) = postSolution
		{D4C9990D-F8BF-4F85-9329-7C189A2D1A03}.Debug|Any CPU.ActiveCfg = Debug|Any CPU
		{D4C9990D-F8BF-4F85-9329-7C189A2D1A03}.Debug|Any CPU.Build.0 = Debug|Any CPU
		{D4C9990D-F8BF-4F85-9329-7C189A2D1A03}.Release|Any CPU.ActiveCfg = Release|Any CPU
		{D4C9990D-F8BF-4F85-9329-7C189A2D1A03}.Release|Any CPU.Build.0 = Release|Any CPU
	EndGlobalSection
	GlobalSection(SolutionProperties) = preSolution
		HideSolutionNode = FALSE
	EndGlobalSection
	GlobalSection(ExtensibilityGlobals) = postSolution
		SolutionGuid = {2F98F54C-F94E-426A-98DE-014CE7DC5F60}
	EndGlobalSection
EndGlobal
